{
  "name": "lover",
  "lockfileVersion": 2,
  "requires": true,
  "packages": {
    "": {
      "dependencies": {
        "@dcloudio/uni-ui": "^1.4.26",
        "image-compressor": "^2.0.3",
        "image-compressor.js": "^1.1.4"
      },
      "devDependencies": {
        "js-md5": "^0.7.3"
      }
    },
    "node_modules/@dcloudio/uni-ui": {
      "version": "1.4.26",
      "resolved": "https://registry.npmjs.org/@dcloudio/uni-ui/-/uni-ui-1.4.26.tgz",
      "integrity": "sha512-JpYXNi9WEmFeTcF6EWrksrMqA0HEl76nxW/Imd0PW1qm/7TORAGSpvMmEDYrMQ3vIbRQFV+n6bhiJIWi34u/5Q=="
    },
    "node_modules/blueimp-canvas-to-blob": {
      "version": "3.29.0",
      "resolved": "https://registry.npmjs.org/blueimp-canvas-to-blob/-/blueimp-canvas-to-blob-3.29.0.tgz",
      "integrity": "sha512-0pcSSGxC0QxT+yVkivxIqW0Y4VlO2XSDPofBAqoJ1qJxgH9eiUDLv50Rixij2cDuEfx4M6DpD9UGZpRhT5Q8qg=="
    },
    "node_modules/image-compressor": {
      "version": "2.0.3",
      "resolved": "https://registry.npmjs.org/image-compressor/-/image-compressor-2.0.3.tgz",
      "integrity": "sha512-/cwVTp+Kx4KejzFtFgpS+TbR/H1eFi1931lptaBPZziQkdDFPKfBqxim9sGPExwF0jiVr7nlXKaG9+02XFo74Q=="
    },
    "node_modules/image-compressor.js": {
      "version": "1.1.4",
      "resolved": "https://registry.npmjs.org/image-compressor.js/-/image-compressor.js-1.1.4.tgz",
      "integrity": "sha512-DF1YFSw+m6FqpXsleD4+q9eu/wFFkm8sHuYhgYy5GWFVencXeuB1/UqC12xz+dCZooPetf5LIb8JOGkgEWmlcg==",
      "deprecated": "No longer maintainted, please use `comprossorjs`",
      "dependencies": {
        "blueimp-canvas-to-blob": "^3.14.0",
        "is-blob": "^1.0.0"
      }
    },
    "node_modules/is-blob": {
      "version": "1.0.0",
      "resolved": "https://registry.npmjs.org/is-blob/-/is-blob-1.0.0.tgz",
      "integrity": "sha512-QIZDHQZpRfMEZwSTD7egdNZS7H/awVW9FZ3yJv+gg1z8d8GPXEs76QWL67fZs2BoBqp2dGtamTJpEYFJHmD73g==",
      "engines": {
        "node": ">=0.10.0"
      }
    },
    "node_modules/js-md5": {
      "version": "0.7.3",
      "resolved": "https://registry.npmjs.org/js-md5/-/js-md5-0.7.3.tgz",
      "integrity": "sha512-ZC41vPSTLKGwIRjqDh8DfXoCrdQIyBgspJVPXHBGu4nZlAEvG3nf+jO9avM9RmLiGakg7vz974ms99nEV0tmTQ==",
      "dev": true
    }
  },
  "dependencies": {
    "@dcloudio/uni-ui": {
      "version": "1.4.26",
      "resolved": "https://registry.npmjs.org/@dcloudio/uni-ui/-/uni-ui-1.4.26.tgz",
      "integrity": "sha512-JpYXNi9WEmFeTcF6EWrksrMqA0HEl76nxW/Imd0PW1qm/7TORAGSpvMmEDYrMQ3vIbRQFV+n6bhiJIWi34u/5Q=="
    },
    "blueimp-canvas-to-blob": {
      "version": "3.29.0",
      "resolved": "https://registry.npmjs.org/blueimp-canvas-to-blob/-/blueimp-canvas-to-blob-3.29.0.tgz",
      "integrity": "sha512-0pcSSGxC0QxT+yVkivxIqW0Y4VlO2XSDPofBAqoJ1qJxgH9eiUDLv50Rixij2cDuEfx4M6DpD9UGZpRhT5Q8qg=="
    },
    "image-compressor": {
      "version": "2.0.3",
      "resolved": "https://registry.npmjs.org/image-compressor/-/image-compressor-2.0.3.tgz",
      "integrity": "sha512-/cwVTp+Kx4KejzFtFgpS+TbR/H1eFi1931lptaBPZziQkdDFPKfBqxim9sGPExwF0jiVr7nlXKaG9+02XFo74Q=="
    },
    "image-compressor.js": {
      "version": "1.1.4",
      "resolved": "https://registry.npmjs.org/image-compressor.js/-/image-compressor.js-1.1.4.tgz",
      "integrity": "sha512-DF1YFSw+m6FqpXsleD4+q9eu/wFFkm8sHuYhgYy5GWFVencXeuB1/UqC12xz+dCZooPetf5LIb8JOGkgEWmlcg==",
      "requires": {
        "blueimp-canvas-to-blob": "^3.14.0",
        "is-blob": "^1.0.0"
      }
    },
    "is-blob": {
      "version": "1.0.0",
      "resolved": "https://registry.npmjs.org/is-blob/-/is-blob-1.0.0.tgz",
      "integrity": "sha512-QIZDHQZpRfMEZwSTD7egdNZS7H/awVW9FZ3yJv+gg1z8d8GPXEs76QWL67fZs2BoBqp2dGtamTJpEYFJHmD73g=="
    },
    "js-md5": {
      "version": "0.7.3",
      "resolved": "https://registry.npmjs.org/js-md5/-/js-md5-0.7.3.tgz",
      "integrity": "sha512-ZC41vPSTLKGwIRjqDh8DfXoCrdQIyBgspJVPXHBGu4nZlAEvG3nf+jO9avM9RmLiGakg7vz974ms99nEV0tmTQ==",
      "dev": true
    }
  }
}
